# THIS IS AN AUTOGENERATED FILE. DO NOT EDIT THIS FILE DIRECTLY.
# yarn lockfile v1


"@actions/core@^1.2.3":
  version "1.2.3"
  resolved "https://registry.yarnpkg.com/@actions/core/-/core-1.2.3.tgz#e844b4fa0820e206075445079130868f95bfca95"
  integrity sha512-Wp4xnyokakM45Uuj4WLUxdsa8fJjKVl1fDTsPbTEcTcuu0Nb26IPQbOtjmnfaCPGcaoPOOqId8H9NapZ8gii4w==

"@actions/http-client@^1.0.6":
  version "1.0.6"
  resolved "https://registry.yarnpkg.com/@actions/http-client/-/http-client-1.0.6.tgz#6f9267ca50e1d74d8581f4a894a943cd4c97b49a"
  integrity sha512-LGmio4w98UyGX33b/W6V6Nx/sQHRXZ859YlMkn36wPsXPB82u8xTVlA/Dq2DXrm6lEq9RVmisRJa1c+HETAIJA==
  dependencies:
    tunnel "0.0.6"

tunnel@0.0.6:
  version "0.0.6"
  resolved "https://registry.yarnpkg.com/tunnel/-/tunnel-0.0.6.tgz#72f1314b34a5b192db012324df2cc587ca47f92c"
  integrity sha512-1h/Lnq9yajKY2PEbBadPXj3VxsDDu844OnaAo52UVmIzIvwwtBPIuNvkjuzBlTWpfJyUbG3ez0KSBibQkj4ojg==
